github.com/msyrh/go-say-hello v1.0.0 h1:heJ+ASRr7SqLpbIUQ8pniLR+F8ikg50pKXFvMtn1rro=
github.com/msyrh/go-say-hello v1.0.0/go.mod h1:hzfm61kPRMP85ukcg+NEXdnBVvX0b+TIw48eOoSUQHY=
github.com/msyrh/go-say-hello v1.5.0 h1:qdejGO9+Z3t1n4FNmxqdt/Fmf/gq9zBqXxhzySYMjBI=
github.com/msyrh/go-say-hello v1.5.0/go.mod h1:hzfm61kPRMP85ukcg+NEXdnBVvX0b+TIw48eOoSUQHY=
github.com/msyrh/go-say-hello/v2 v2.0.1 h1:Wk3hw0vHQgbcw/NUpoSiAlO8obReyBtLkA/CuqcdDzg=
github.com/msyrh/go-say-hello/v2 v2.0.1/go.mod h1:czuNyydVlJt5aDGYT3BtYnXqhclqOrwM6R79EQmVdqI=
